
Microsoft Visual Studio Solution File, Format Version 12.00
# Visual Studio Version 17
VisualStudioVersion = 17.4.33110.190
MinimumVisualStudioVersion = 10.0.40219.1
Project("{FAE04EC0-301F-11D3-BF4B-00C04F79EFBC}") = "WpfApp5", "WpfApp5\WpfApp5.csproj", "{5552141E-94F1-42BF-BDB6-D3A2F1060FA7}"
EndProject
Global
	GlobalSection(SolutionConfigurationPlatforms) = preSolution
		Debug|Any CPU = Debug|Any CPU
		Release|Any CPU = Release|Any CPU
	EndGlobalSection
	GlobalSection(ProjectConfigurationPlatforms) = postSolution
		{5552141E-94F1-42BF-BDB6-D3A2F1060FA7}.Debug|Any CPU.ActiveCfg = Debug|Any CPU
		{5552141E-94F1-42BF-BDB6-D3A2F1060FA7}.Debug|Any CPU.Build.0 = Debug|Any CPU
		{5552141E-94F1-42BF-BDB6-D3A2F1060FA7}.Release|Any CPU.ActiveCfg = Release|Any CPU
		{5552141E-94F1-42BF-BDB6-D3A2F1060FA7}.Release|Any CPU.Build.0 = Release|Any CPU
	EndGlobalSection
	GlobalSection(SolutionProperties) = preSolution
		HideSolutionNode = FALSE
	EndGlobalSection
	GlobalSection(ExtensibilityGlobals) = postSolution
		SolutionGuid = {CF8271E7-15D4-41F9-853F-6254DAD9BFC6}
	EndGlobalSection
EndGlobal
