
Microsoft Visual Studio Solution File, Format Version 12.00
# Visual Studio Version 17
VisualStudioVersion = 17.4.33110.190
MinimumVisualStudioVersion = 10.0.40219.1
Project("{FAE04EC0-301F-11D3-BF4B-00C04F79EFBC}") = "WpfApp1", "WpfApp1\WpfApp1.csproj", "{8177B027-034F-4940-9A1C-62B67F34083D}"
EndProject
Global
	GlobalSection(SolutionConfigurationPlatforms) = preSolution
		Debug|Any CPU = Debug|Any CPU
		Release|Any CPU = Release|Any CPU
	EndGlobalSection
	GlobalSection(ProjectConfigurationPlatforms) = postSolution
		{8177B027-034F-4940-9A1C-62B67F34083D}.Debug|Any CPU.ActiveCfg = Debug|Any CPU
		{8177B027-034F-4940-9A1C-62B67F34083D}.Debug|Any CPU.Build.0 = Debug|Any CPU
		{8177B027-034F-4940-9A1C-62B67F34083D}.Release|Any CPU.ActiveCfg = Release|Any CPU
		{8177B027-034F-4940-9A1C-62B67F34083D}.Release|Any CPU.Build.0 = Release|Any CPU
	EndGlobalSection
	GlobalSection(SolutionProperties) = preSolution
		HideSolutionNode = FALSE
	EndGlobalSection
	GlobalSection(ExtensibilityGlobals) = postSolution
		SolutionGuid = {2FFCA43F-EAAF-471C-B0BF-976376DBF1F0}
	EndGlobalSection
EndGlobal
